
Microsoft Visual Studio Solution File, Format Version 12.00
# Visual Studio Version 16
VisualStudioVersion = 16.0.31019.35
MinimumVisualStudioVersion = 10.0.40219.1
Project("{FAE04EC0-301F-11D3-BF4B-00C04F79EFBC}") = "CC Food.UWP", "CC Food\CC Food.UWP\CC Food.UWP.csproj", "{325DAAA3-8A1C-487A-8DA4-CECF2691D424}"
EndProject
Project("{FAE04EC0-301F-11D3-BF4B-00C04F79EFBC}") = "CC Food.Android", "CC Food\CC Food.Android\CC Food.Android.csproj", "{7038C4E1-8A92-4CF6-8CEE-7541AB0F07BC}"
EndProject
Project("{FAE04EC0-301F-11D3-BF4B-00C04F79EFBC}") = "CC Food.iOS", "CC Food\CC Food.iOS\CC Food.iOS.csproj", "{E378DE21-9174-4CFB-BF03-AE3B44FE57D3}"
EndProject
Project("{FAE04EC0-301F-11D3-BF4B-00C04F79EFBC}") = "CC Food", "CC Food\CC Food\CC Food.csproj", "{B517F21F-9906-4BDF-BB14-7B9BCCFF6D2C}"
EndProject
Global
	GlobalSection(SolutionConfigurationPlatforms) = preSolution
		Debug|Any CPU = Debug|Any CPU
		Debug|ARM = Debug|ARM
		Debug|iPhone = Debug|iPhone
		Debug|iPhoneSimulator = Debug|iPhoneSimulator
		Debug|x64 = Debug|x64
		Debug|x86 = Debug|x86
		Release|Any CPU = Release|Any CPU
		Release|ARM = Release|ARM
		Release|iPhone = Release|iPhone
		Release|iPhoneSimulator = Release|iPhoneSimulator
		Release|x64 = Release|x64
		Release|x86 = Release|x86
	EndGlobalSection
	GlobalSection(ProjectConfigurationPlatforms) = postSolution
		{325DAAA3-8A1C-487A-8DA4-CECF2691D424}.Debug|Any CPU.ActiveCfg = Debug|x86
		{325DAAA3-8A1C-487A-8DA4-CECF2691D424}.Debug|Any CPU.Build.0 = Debug|x86
		{325DAAA3-8A1C-487A-8DA4-CECF2691D424}.Debug|Any CPU.Deploy.0 = Debug|x86
		{325DAAA3-8A1C-487A-8DA4-CECF2691D424}.Debug|ARM.ActiveCfg = Debug|ARM
		{325DAAA3-8A1C-487A-8DA4-CECF2691D424}.Debug|ARM.Build.0 = Debug|ARM
		{325DAAA3-8A1C-487A-8DA4-CECF2691D424}.Debug|ARM.Deploy.0 = Debug|ARM
		{325DAAA3-8A1C-487A-8DA4-CECF2691D424}.Debug|iPhone.ActiveCfg = Debug|x86
		{325DAAA3-8A1C-487A-8DA4-CECF2691D424}.Debug|iPhone.Build.0 = Debug|x86
		{325DAAA3-8A1C-487A-8DA4-CECF2691D424}.Debug|iPhone.Deploy.0 = Debug|x86
		{325DAAA3-8A1C-487A-8DA4-CECF2691D424}.Debug|iPhoneSimulator.ActiveCfg = Debug|x86
		{325DAAA3-8A1C-487A-8DA4-CECF2691D424}.Debug|iPhoneSimulator.Build.0 = Debug|x86
		{325DAAA3-8A1C-487A-8DA4-CECF2691D424}.Debug|iPhoneSimulator.Deploy.0 = Debug|x86
		{325DAAA3-8A1C-487A-8DA4-CECF2691D424}.Debug|x64.ActiveCfg = Debug|x64
		{325DAAA3-8A1C-487A-8DA4-CECF2691D424}.Debug|x64.Build.0 = Debug|x64
		{325DAAA3-8A1C-487A-8DA4-CECF2691D424}.Debug|x64.Deploy.0 = Debug|x64
		{325DAAA3-8A1C-487A-8DA4-CECF2691D424}.Debug|x86.ActiveCfg = Debug|x86
		{325DAAA3-8A1C-487A-8DA4-CECF2691D424}.Debug|x86.Build.0 = Debug|x86
		{325DAAA3-8A1C-487A-8DA4-CECF2691D424}.Debug|x86.Deploy.0 = Debug|x86
		{325DAAA3-8A1C-487A-8DA4-CECF2691D424}.Release|Any CPU.ActiveCfg = Release|x86
		{325DAAA3-8A1C-487A-8DA4-CECF2691D424}.Release|Any CPU.Build.0 = Release|x86
		{325DAAA3-8A1C-487A-8DA4-CECF2691D424}.Release|Any CPU.Deploy.0 = Release|x86
		{325DAAA3-8A1C-487A-8DA4-CECF2691D424}.Release|ARM.ActiveCfg = Release|ARM
		{325DAAA3-8A1C-487A-8DA4-CECF2691D424}.Release|ARM.Build.0 = Release|ARM
		{325DAAA3-8A1C-487A-8DA4-CECF2691D424}.Release|ARM.Deploy.0 = Release|ARM
		{325DAAA3-8A1C-487A-8DA4-CECF2691D424}.Release|iPhone.ActiveCfg = Release|x86
		{325DAAA3-8A1C-487A-8DA4-CECF2691D424}.Release|iPhone.Build.0 = Release|x86
		{325DAAA3-8A1C-487A-8DA4-CECF2691D424}.Release|iPhone.Deploy.0 = Release|x86
		{325DAAA3-8A1C-487A-8DA4-CECF2691D424}.Release|iPhoneSimulator.ActiveCfg = Release|x86
		{325DAAA3-8A1C-487A-8DA4-CECF2691D424}.Release|iPhoneSimulator.Build.0 = Release|x86
		{325DAAA3-8A1C-487A-8DA4-CECF2691D424}.Release|iPhoneSimulator.Deploy.0 = Release|x86
		{325DAAA3-8A1C-487A-8DA4-CECF2691D424}.Release|x64.ActiveCfg = Release|x64
		{325DAAA3-8A1C-487A-8DA4-CECF2691D424}.Release|x64.Build.0 = Release|x64
		{325DAAA3-8A1C-487A-8DA4-CECF2691D424}.Release|x64.Deploy.0 = Release|x64
		{325DAAA3-8A1C-487A-8DA4-CECF2691D424}.Release|x86.ActiveCfg = Release|x86
		{325DAAA3-8A1C-487A-8DA4-CECF2691D424}.Release|x86.Build.0 = Release|x86
		{325DAAA3-8A1C-487A-8DA4-CECF2691D424}.Release|x86.Deploy.0 = Release|x86
		{7038C4E1-8A92-4CF6-8CEE-7541AB0F07BC}.Debug|Any CPU.ActiveCfg = Debug|Any CPU
		{7038C4E1-8A92-4CF6-8CEE-7541AB0F07BC}.Debug|Any CPU.Build.0 = Debug|Any CPU
		{7038C4E1-8A92-4CF6-8CEE-7541AB0F07BC}.Debug|Any CPU.Deploy.0 = Debug|Any CPU
		{7038C4E1-8A92-4CF6-8CEE-7541AB0F07BC}.Debug|ARM.ActiveCfg = Debug|Any CPU
		{7038C4E1-8A92-4CF6-8CEE-7541AB0F07BC}.Debug|ARM.Build.0 = Debug|Any CPU
		{7038C4E1-8A92-4CF6-8CEE-7541AB0F07BC}.Debug|ARM.Deploy.0 = Debug|Any CPU
		{7038C4E1-8A92-4CF6-8CEE-7541AB0F07BC}.Debug|iPhone.ActiveCfg = Debug|Any CPU
		{7038C4E1-8A92-4CF6-8CEE-7541AB0F07BC}.Debug|iPhone.Build.0 = Debug|Any CPU
		{7038C4E1-8A92-4CF6-8CEE-7541AB0F07BC}.Debug|iPhone.Deploy.0 = Debug|Any CPU
		{7038C4E1-8A92-4CF6-8CEE-7541AB0F07BC}.Debug|iPhoneSimulator.ActiveCfg = Debug|Any CPU
		{7038C4E1-8A92-4CF6-8CEE-7541AB0F07BC}.Debug|iPhoneSimulator.Build.0 = Debug|Any CPU
		{7038C4E1-8A92-4CF6-8CEE-7541AB0F07BC}.Debug|iPhoneSimulator.Deploy.0 = Debug|Any CPU
		{7038C4E1-8A92-4CF6-8CEE-7541AB0F07BC}.Debug|x64.ActiveCfg = Debug|Any CPU
		{7038C4E1-8A92-4CF6-8CEE-7541AB0F07BC}.Debug|x64.Build.0 = Debug|Any CPU
		{7038C4E1-8A92-4CF6-8CEE-7541AB0F07BC}.Debug|x64.Deploy.0 = Debug|Any CPU
		{7038C4E1-8A92-4CF6-8CEE-7541AB0F07BC}.Debug|x86.ActiveCfg = Debug|Any CPU
		{7038C4E1-8A92-4CF6-8CEE-7541AB0F07BC}.Debug|x86.Build.0 = Debug|Any CPU
		{7038C4E1-8A92-4CF6-8CEE-7541AB0F07BC}.Debug|x86.Deploy.0 = Debug|Any CPU
		{7038C4E1-8A92-4CF6-8CEE-7541AB0F07BC}.Release|Any CPU.ActiveCfg = Release|Any CPU
		{7038C4E1-8A92-4CF6-8CEE-7541AB0F07BC}.Release|Any CPU.Build.0 = Release|Any CPU
		{7038C4E1-8A92-4CF6-8CEE-7541AB0F07BC}.Release|Any CPU.Deploy.0 = Release|Any CPU
		{7038C4E1-8A92-4CF6-8CEE-7541AB0F07BC}.Release|ARM.ActiveCfg = Release|Any CPU
		{7038C4E1-8A92-4CF6-8CEE-7541AB0F07BC}.Release|ARM.Build.0 = Release|Any CPU
		{7038C4E1-8A92-4CF6-8CEE-7541AB0F07BC}.Release|ARM.Deploy.0 = Release|Any CPU
		{7038C4E1-8A92-4CF6-8CEE-7541AB0F07BC}.Release|iPhone.ActiveCfg = Release|Any CPU
		{7038C4E1-8A92-4CF6-8CEE-7541AB0F07BC}.Release|iPhone.Build.0 = Release|Any CPU
		{7038C4E1-8A92-4CF6-8CEE-7541AB0F07BC}.Release|iPhone.Deploy.0 = Release|Any CPU
		{7038C4E1-8A92-4CF6-8CEE-7541AB0F07BC}.Release|iPhoneSimulator.ActiveCfg = Release|Any CPU
		{7038C4E1-8A92-4CF6-8CEE-7541AB0F07BC}.Release|iPhoneSimulator.Build.0 = Release|Any CPU
		{7038C4E1-8A92-4CF6-8CEE-7541AB0F07BC}.Release|iPhoneSimulator.Deploy.0 = Release|Any CPU
		{7038C4E1-8A92-4CF6-8CEE-7541AB0F07BC}.Release|x64.ActiveCfg = Release|Any CPU
		{7038C4E1-8A92-4CF6-8CEE-7541AB0F07BC}.Release|x64.Build.0 = Release|Any CPU
		{7038C4E1-8A92-4CF6-8CEE-7541AB0F07BC}.Release|x64.Deploy.0 = Release|Any CPU
		{7038C4E1-8A92-4CF6-8CEE-7541AB0F07BC}.Release|x86.ActiveCfg = Release|Any CPU
		{7038C4E1-8A92-4CF6-8CEE-7541AB0F07BC}.Release|x86.Build.0 = Release|Any CPU
		{7038C4E1-8A92-4CF6-8CEE-7541AB0F07BC}.Release|x86.Deploy.0 = Release|Any CPU
		{E378DE21-9174-4CFB-BF03-AE3B44FE57D3}.Debug|Any CPU.ActiveCfg = Debug|iPhoneSimulator
		{E378DE21-9174-4CFB-BF03-AE3B44FE57D3}.Debug|Any CPU.Build.0 = Debug|iPhoneSimulator
		{E378DE21-9174-4CFB-BF03-AE3B44FE57D3}.Debug|Any CPU.Deploy.0 = Debug|iPhoneSimulator
		{E378DE21-9174-4CFB-BF03-AE3B44FE57D3}.Debug|ARM.ActiveCfg = Debug|iPhone
		{E378DE21-9174-4CFB-BF03-AE3B44FE57D3}.Debug|ARM.Build.0 = Debug|iPhone
		{E378DE21-9174-4CFB-BF03-AE3B44FE57D3}.Debug|ARM.Deploy.0 = Debug|iPhone
		{E378DE21-9174-4CFB-BF03-AE3B44FE57D3}.Debug|iPhone.ActiveCfg = Debug|iPhone
		{E378DE21-9174-4CFB-BF03-AE3B44FE57D3}.Debug|iPhone.Build.0 = Debug|iPhone
		{E378DE21-9174-4CFB-BF03-AE3B44FE57D3}.Debug|iPhone.Deploy.0 = Debug|iPhone
		{E378DE21-9174-4CFB-BF03-AE3B44FE57D3}.Debug|iPhoneSimulator.ActiveCfg = Debug|iPhoneSimulator
		{E378DE21-9174-4CFB-BF03-AE3B44FE57D3}.Debug|iPhoneSimulator.Build.0 = Debug|iPhoneSimulator
		{E378DE21-9174-4CFB-BF03-AE3B44FE57D3}.Debug|iPhoneSimulator.Deploy.0 = Debug|iPhoneSimulator
		{E378DE21-9174-4CFB-BF03-AE3B44FE57D3}.Debug|x64.ActiveCfg = Debug|iPhoneSimulator
		{E378DE21-9174-4CFB-BF03-AE3B44FE57D3}.Debug|x64.Build.0 = Debug|iPhoneSimulator
		{E378DE21-9174-4CFB-BF03-AE3B44FE57D3}.Debug|x64.Deploy.0 = Debug|iPhoneSimulator
		{E378DE21-9174-4CFB-BF03-AE3B44FE57D3}.Debug|x86.ActiveCfg = Debug|iPhoneSimulator
		{E378DE21-9174-4CFB-BF03-AE3B44FE57D3}.Debug|x86.Build.0 = Debug|iPhoneSimulator
		{E378DE21-9174-4CFB-BF03-AE3B44FE57D3}.Debug|x86.Deploy.0 = Debug|iPhoneSimulator
		{E378DE21-9174-4CFB-BF03-AE3B44FE57D3}.Release|Any CPU.ActiveCfg = Release|iPhoneSimulator
		{E378DE21-9174-4CFB-BF03-AE3B44FE57D3}.Release|Any CPU.Build.0 = Release|iPhoneSimulator
		{E378DE21-9174-4CFB-BF03-AE3B44FE57D3}.Release|Any CPU.Deploy.0 = Release|iPhoneSimulator
		{E378DE21-9174-4CFB-BF03-AE3B44FE57D3}.Release|ARM.ActiveCfg = Release|iPhoneSimulator
		{E378DE21-9174-4CFB-BF03-AE3B44FE57D3}.Release|ARM.Build.0 = Release|iPhoneSimulator
		{E378DE21-9174-4CFB-BF03-AE3B44FE57D3}.Release|ARM.Deploy.0 = Release|iPhoneSimulator
		{E378DE21-9174-4CFB-BF03-AE3B44FE57D3}.Release|iPhone.ActiveCfg = Release|iPhone
		{E378DE21-9174-4CFB-BF03-AE3B44FE57D3}.Release|iPhone.Build.0 = Release|iPhone
		{E378DE21-9174-4CFB-BF03-AE3B44FE57D3}.Release|iPhone.Deploy.0 = Release|iPhone
		{E378DE21-9174-4CFB-BF03-AE3B44FE57D3}.Release|iPhoneSimulator.ActiveCfg = Release|iPhoneSimulator
		{E378DE21-9174-4CFB-BF03-AE3B44FE57D3}.Release|iPhoneSimulator.Build.0 = Release|iPhoneSimulator
		{E378DE21-9174-4CFB-BF03-AE3B44FE57D3}.Release|iPhoneSimulator.Deploy.0 = Release|iPhoneSimulator
		{E378DE21-9174-4CFB-BF03-AE3B44FE57D3}.Release|x64.ActiveCfg = Release|iPhoneSimulator
		{E378DE21-9174-4CFB-BF03-AE3B44FE57D3}.Release|x64.Build.0 = Release|iPhoneSimulator
		{E378DE21-9174-4CFB-BF03-AE3B44FE57D3}.Release|x64.Deploy.0 = Release|iPhoneSimulator
		{E378DE21-9174-4CFB-BF03-AE3B44FE57D3}.Release|x86.ActiveCfg = Release|iPhoneSimulator
		{E378DE21-9174-4CFB-BF03-AE3B44FE57D3}.Release|x86.Build.0 = Release|iPhoneSimulator
		{E378DE21-9174-4CFB-BF03-AE3B44FE57D3}.Release|x86.Deploy.0 = Release|iPhoneSimulator
		{B517F21F-9906-4BDF-BB14-7B9BCCFF6D2C}.Debug|Any CPU.ActiveCfg = Debug|Any CPU
		{B517F21F-9906-4BDF-BB14-7B9BCCFF6D2C}.Debug|Any CPU.Build.0 = Debug|Any CPU
		{B517F21F-9906-4BDF-BB14-7B9BCCFF6D2C}.Debug|Any CPU.Deploy.0 = Debug|Any CPU
		{B517F21F-9906-4BDF-BB14-7B9BCCFF6D2C}.Debug|ARM.ActiveCfg = Debug|Any CPU
		{B517F21F-9906-4BDF-BB14-7B9BCCFF6D2C}.Debug|ARM.Build.0 = Debug|Any CPU
		{B517F21F-9906-4BDF-BB14-7B9BCCFF6D2C}.Debug|ARM.Deploy.0 = Debug|Any CPU
		{B517F21F-9906-4BDF-BB14-7B9BCCFF6D2C}.Debug|iPhone.ActiveCfg = Debug|Any CPU
		{B517F21F-9906-4BDF-BB14-7B9BCCFF6D2C}.Debug|iPhone.Build.0 = Debug|Any CPU
		{B517F21F-9906-4BDF-BB14-7B9BCCFF6D2C}.Debug|iPhone.Deploy.0 = Debug|Any CPU
		{B517F21F-9906-4BDF-BB14-7B9BCCFF6D2C}.Debug|iPhoneSimulator.ActiveCfg = Debug|Any CPU
		{B517F21F-9906-4BDF-BB14-7B9BCCFF6D2C}.Debug|iPhoneSimulator.Build.0 = Debug|Any CPU
		{B517F21F-9906-4BDF-BB14-7B9BCCFF6D2C}.Debug|iPhoneSimulator.Deploy.0 = Debug|Any CPU
		{B517F21F-9906-4BDF-BB14-7B9BCCFF6D2C}.Debug|x64.ActiveCfg = Debug|Any CPU
		{B517F21F-9906-4BDF-BB14-7B9BCCFF6D2C}.Debug|x64.Build.0 = Debug|Any CPU
		{B517F21F-9906-4BDF-BB14-7B9BCCFF6D2C}.Debug|x64.Deploy.0 = Debug|Any CPU
		{B517F21F-9906-4BDF-BB14-7B9BCCFF6D2C}.Debug|x86.ActiveCfg = Debug|Any CPU
		{B517F21F-9906-4BDF-BB14-7B9BCCFF6D2C}.Debug|x86.Build.0 = Debug|Any CPU
		{B517F21F-9906-4BDF-BB14-7B9BCCFF6D2C}.Debug|x86.Deploy.0 = Debug|Any CPU
		{B517F21F-9906-4BDF-BB14-7B9BCCFF6D2C}.Release|Any CPU.ActiveCfg = Release|Any CPU
		{B517F21F-9906-4BDF-BB14-7B9BCCFF6D2C}.Release|Any CPU.Build.0 = Release|Any CPU
		{B517F21F-9906-4BDF-BB14-7B9BCCFF6D2C}.Release|Any CPU.Deploy.0 = Release|Any CPU
		{B517F21F-9906-4BDF-BB14-7B9BCCFF6D2C}.Release|ARM.ActiveCfg = Release|Any CPU
		{B517F21F-9906-4BDF-BB14-7B9BCCFF6D2C}.Release|ARM.Build.0 = Release|Any CPU
		{B517F21F-9906-4BDF-BB14-7B9BCCFF6D2C}.Release|ARM.Deploy.0 = Release|Any CPU
		{B517F21F-9906-4BDF-BB14-7B9BCCFF6D2C}.Release|iPhone.ActiveCfg = Release|Any CPU
		{B517F21F-9906-4BDF-BB14-7B9BCCFF6D2C}.Release|iPhone.Build.0 = Release|Any CPU
		{B517F21F-9906-4BDF-BB14-7B9BCCFF6D2C}.Release|iPhone.Deploy.0 = Release|Any CPU
		{B517F21F-9906-4BDF-BB14-7B9BCCFF6D2C}.Release|iPhoneSimulator.ActiveCfg = Release|Any CPU
		{B517F21F-9906-4BDF-BB14-7B9BCCFF6D2C}.Release|iPhoneSimulator.Build.0 = Release|Any CPU
		{B517F21F-9906-4BDF-BB14-7B9BCCFF6D2C}.Release|iPhoneSimulator.Deploy.0 = Release|Any CPU
		{B517F21F-9906-4BDF-BB14-7B9BCCFF6D2C}.Release|x64.ActiveCfg = Release|Any CPU
		{B517F21F-9906-4BDF-BB14-7B9BCCFF6D2C}.Release|x64.Build.0 = Release|Any CPU
		{B517F21F-9906-4BDF-BB14-7B9BCCFF6D2C}.Release|x64.Deploy.0 = Release|Any CPU
		{B517F21F-9906-4BDF-BB14-7B9BCCFF6D2C}.Release|x86.ActiveCfg = Release|Any CPU
		{B517F21F-9906-4BDF-BB14-7B9BCCFF6D2C}.Release|x86.Build.0 = Release|Any CPU
		{B517F21F-9906-4BDF-BB14-7B9BCCFF6D2C}.Release|x86.Deploy.0 = Release|Any CPU
	EndGlobalSection
	GlobalSection(SolutionProperties) = preSolution
		HideSolutionNode = FALSE
	EndGlobalSection
	GlobalSection(ExtensibilityGlobals) = postSolution
		SolutionGuid = {2CBE5E1F-2341-4FBE-BEAC-A328F684BB6F}
	EndGlobalSection
EndGlobal
